
Microsoft Visual Studio Solution File, Format Version 12.00
# Visual Studio Version 16
VisualStudioVersion = 16.0.30611.23
MinimumVisualStudioVersion = 10.0.40219.1
Project("{FAE04EC0-301F-11D3-BF4B-00C04F79EFBC}") = "clienteT3", "clienteT3.csproj", "{56412194-8630-4E3C-AFCE-EF34EB9447A9}"
EndProject
Global
	GlobalSection(SolutionConfigurationPlatforms) = preSolution
		Debug|Any CPU = Debug|Any CPU
		Release|Any CPU = Release|Any CPU
	EndGlobalSection
	GlobalSection(ProjectConfigurationPlatforms) = postSolution
		{56412194-8630-4E3C-AFCE-EF34EB9447A9}.Debug|Any CPU.ActiveCfg = Debug|Any CPU
		{56412194-8630-4E3C-AFCE-EF34EB9447A9}.Debug|Any CPU.Build.0 = Debug|Any CPU
		{56412194-8630-4E3C-AFCE-EF34EB9447A9}.Release|Any CPU.ActiveCfg = Release|Any CPU
		{56412194-8630-4E3C-AFCE-EF34EB9447A9}.Release|Any CPU.Build.0 = Release|Any CPU
	EndGlobalSection
	GlobalSection(SolutionProperties) = preSolution
		HideSolutionNode = FALSE
	EndGlobalSection
	GlobalSection(ExtensibilityGlobals) = postSolution
		SolutionGuid = {DC8967B1-D943-4B34-8291-C2E9BA785C27}
	EndGlobalSection
EndGlobal
